
Microsoft Visual Studio Solution File, Format Version 12.00
# Visual Studio 15
VisualStudioVersion = 15.0.27703.2026
MinimumVisualStudioVersion = 10.0.40219.1
Project("{FAE04EC0-301F-11D3-BF4B-00C04F79EFBC}") = "Examen2doParcial", "Examen2doParcial\Examen2doParcial.csproj", "{7A231235-6D69-408B-A12D-41736359A745}"
EndProject
Global
	GlobalSection(SolutionConfigurationPlatforms) = preSolution
		Debug|Any CPU = Debug|Any CPU
		Release|Any CPU = Release|Any CPU
	EndGlobalSection
	GlobalSection(ProjectConfigurationPlatforms) = postSolution
		{7A231235-6D69-408B-A12D-41736359A745}.Debug|Any CPU.ActiveCfg = Debug|Any CPU
		{7A231235-6D69-408B-A12D-41736359A745}.Debug|Any CPU.Build.0 = Debug|Any CPU
		{7A231235-6D69-408B-A12D-41736359A745}.Release|Any CPU.ActiveCfg = Release|Any CPU
		{7A231235-6D69-408B-A12D-41736359A745}.Release|Any CPU.Build.0 = Release|Any CPU
	EndGlobalSection
	GlobalSection(SolutionProperties) = preSolution
		HideSolutionNode = FALSE
	EndGlobalSection
	GlobalSection(ExtensibilityGlobals) = postSolution
		SolutionGuid = {F39F07D9-7836-4071-B861-A44A7816C895}
	EndGlobalSection
EndGlobal
